// !$*UTF8*$!
{
	archiveVersion = 1;
	classes = {
	};
	objectVersion = 50;
	objects = {

/* Begin PBXBuildFile section */
		8E49E5BD22CEEEFB0000AA83 /* AppDelegate.swift in Sources */ = {isa = PBXBuildFile; fileRef = 8E49E5BC22CEEEFB0000AA83 /* AppDelegate.swift */; };
		8E49E5BF22CEEEFB0000AA83 /* ViewController.swift in Sources */ = {isa = PBXBuildFile; fileRef = 8E49E5BE22CEEEFB0000AA83 /* ViewController.swift */; };
		8E49E5C222CEEEFB0000AA83 /* Main.storyboard in Resources */ = {isa = PBXBuildFile; fileRef = 8E49E5C022CEEEFB0000AA83 /* Main.storyboard */; };
		8E49E5C522CEEEFB0000AA83 /* LearnLocalStorage.xcdatamodeld in Sources */ = {isa = PBXBuildFile; fileRef = 8E49E5C322CEEEFB0000AA83 /* LearnLocalStorage.xcdatamodeld */; };
		8E49E5C722CEEEFC0000AA83 /* Assets.xcassets in Resources */ = {isa = PBXBuildFile; fileRef = 8E49E5C622CEEEFC0000AA83 /* Assets.xcassets */; };
		8E49E5CA22CEEEFC0000AA83 /* LaunchScreen.storyboard in Resources */ = {isa = PBXBuildFile; fileRef = 8E49E5C822CEEEFC0000AA83 /* LaunchScreen.storyboard */; };
/* End PBXBuildFile section */

/* Begin PBXFileReference section */
		8E49E5B922CEEEFB0000AA83 /* LearnLocalStorage.app */ = {isa = PBXFileReference; explicitFileType = wrapper.application; includeInIndex = 0; path = LearnLocalStorage.app; sourceTree = BUILT_PRODUCTS_DIR; };
		8E49E5BC22CEEEFB0000AA83 /* AppDelegate.swift */ = {isa = PBXFileReference; lastKnownFileType = sourcecode.swift; path = AppDelegate.swift; sourceTree = "<group>"; };
		8E49E5BE22CEEEFB0000AA83 /* ViewController.swift */ = {isa = PBXFileReference; lastKnownFileType = sourcecode.swift; path = ViewController.swift; sourceTree = "<group>"; };
		8E49E5C122CEEEFB0000AA83 /* Base */ = {isa = PBXFileReference; lastKnownFileType = file.storyboard; name = Base; path = Base.lproj/Main.storyboard; sourceTree = "<group>"; };
		8E49E5C422CEEEFB0000AA83 /* LearnLocalStorage.xcdatamodel */ = {isa = PBXFileReference; lastKnownFileType = wrapper.xcdatamodel; path = LearnLocalStorage.xcdatamodel; sourceTree = "<group>"; };
		8E49E5C622CEEEFC0000AA83 /* Assets.xcassets */ = {isa = PBXFileReference; lastKnownFileType = folder.assetcatalog; path = Assets.xcassets; sourceTree = "<group>"; };
		8E49E5C922CEEEFC0000AA83 /* Base */ = {isa = PBXFileReference; lastKnownFileType = file.storyboard; name = Base; path = Base.lproj/LaunchScreen.storyboard; sourceTree = "<group>"; };
		8E49E5CB22CEEEFC0000AA83 /* Info.plist */ = {isa = PBXFileReference; lastKnownFileType = text.plist.xml; path = Info.plist; sourceTree = "<group>"; };
/* End PBXFileReference section */

/* Begin PBXFrameworksBuildPhase section */
		8E49E5B622CEEEFB0000AA83 /* Frameworks */ = {
			isa = PBXFrameworksBuildPhase;
			buildActionMask = 2147483647;
			files = (
			);
			runOnlyForDeploymentPostprocessing = 0;
		};
/* End PBXFrameworksBuildPhase section */

/* Begin PBXGroup section */
		8E49E5B022CEEEFB0000AA83 = {
			isa = PBXGroup;
			children = (
				8E49E5BB22CEEEFB0000AA83 /* LearnLocalStorage */,
				8E49E5BA22CEEEFB0000AA83 /* Products */,
			);
			sourceTree = "<group>";
		};
		8E49E5BA22CEEEFB0000AA83 /* Products */ = {
			isa = PBXGroup;
			children = (
				8E49E5B922CEEEFB0000AA83 /* LearnLocalStorage.app */,
			);
			name = Products;
			sourceTree = "<group>";
		};
		8E49E5BB22CEEEFB0000AA83 /* LearnLocalStorage */ = {
			isa = PBXGroup;
			children = (
				8E49E5BC22CEEEFB0000AA83 /* AppDelegate.swift */,
				8E49E5BE22CEEEFB0000AA83 /* ViewController.swift */,
				8E49E5C022CEEEFB0000AA83 /* Main.storyboard */,
				8E49E5C622CEEEFC0000AA83 /* Assets.xcassets */,
				8E49E5C822CEEEFC0000AA83 /* LaunchScreen.storyboard */,
				8E49E5CB22CEEEFC0000AA83 /* Info.plist */,
				8E49E5C322CEEEFB0000AA83 /* LearnLocalStorage.xcdatamodeld */,
			);
			path = LearnLocalStorage;
			sourceTree = "<group>";
		};
/* End PBXGroup section */

/* Begin PBXNativeTarget section */
		8E49E5B822CEEEFB0000AA83 /* LearnLocalStorage */ = {
			isa = PBXNativeTarget;
			buildConfigurationList = 8E49E5CE22CEEEFC0000AA83 /* Build configuration list for PBXNativeTarget "LearnLocalStorage" */;
			buildPhases = (
				8E49E5B522CEEEFB0000AA83 /* Sources */,
				8E49E5B622CEEEFB0000AA83 /* Frameworks */,
				8E49E5B722CEEEFB0000AA83 /* Resources */,
			);
			buildRules = (
			);
			dependencies = (
			);
			name = LearnLocalStorage;
			productName = LearnLocalStorage;
			productReference = 8E49E5B922CEEEFB0000AA83 /* LearnLocalStorage.app */;
			productType = "com.apple.product-type.application";
		};
/* End PBXNativeTarget section */

/* Begin PBXProject section */
		8E49E5B122CEEEFB0000AA83 /* Project object */ = {
			isa = PBXProject;
			attributes = {
				LastSwiftUpdateCheck = 1020;
				LastUpgradeCheck = 1020;
				ORGANIZATIONNAME = "Indra Sumawi";
				TargetAttributes = {
					8E49E5B822CEEEFB0000AA83 = {
						CreatedOnToolsVersion = 10.2.1;
					};
				};
			};
			buildConfigurationList = 8E49E5B422CEEEFB0000AA83 /* Build configuration list for PBXProject "LearnLocalStorage" */;
			compatibilityVersion = "Xcode 9.3";
			developmentRegion = en;
			hasScannedForEncodings = 0;
			knownRegions = (
				en,
				Base,
			);
			mainGroup = 8E49E5B022CEEEFB0000AA83;
			productRefGroup = 8E49E5BA22CEEEFB0000AA83 /* Products */;
			projectDirPath = "";
			projectRoot = "";
			targets = (
				8E49E5B822CEEEFB0000AA83 /* LearnLocalStorage */,
			);
		};
/* End PBXProject section */

/* Begin PBXResourcesBuildPhase section */
		8E49E5B722CEEEFB0000AA83 /* Resources */ = {
			isa = PBXResourcesBuildPhase;
			buildActionMask = 2147483647;
			files = (
				8E49E5CA22CEEEFC0000AA83 /* LaunchScreen.storyboard in Resources */,
				8E49E5C722CEEEFC0000AA83 /* Assets.xcassets in Resources */,
				8E49E5C222CEEEFB0000AA83 /* Main.storyboard in Resources */,
			);
			runOnlyForDeploymentPostprocessing = 0;
		};
/* End PBXResourcesBuildPhase section */

/* Begin PBXSourcesBuildPhase section */
		8E49E5B522CEEEFB0000AA83 /* Sources */ = {
			isa = PBXSourcesBuildPhase;
			buildActionMask = 2147483647;
			files = (
				8E49E5BF22CEEEFB0000AA83 /* ViewController.swift in Sources */,
				8E49E5C522CEEEFB0000AA83 /* LearnLocalStorage.xcdatamodeld in Sources */,
				8E49E5BD22CEEEFB0000AA83 /* AppDelegate.swift in Sources */,
			);
			runOnlyForDeploymentPostprocessing = 0;
		};
/* End PBXSourcesBuildPhase section */

/* Begin PBXVariantGroup section */
		8E49E5C022CEEEFB0000AA83 /* Main.storyboard */ = {
			isa = PBXVariantGroup;
			children = (
				8E49E5C122CEEEFB0000AA83 /* Base */,
			);
			name = Main.storyboard;
			sourceTree = "<group>";
		};
		8E49E5C822CEEEFC0000AA83 /* LaunchScreen.storyboard */ = {
			isa = PBXVariantGroup;
			children = (
				8E49E5C922CEEEFC0000AA83 /* Base */,
			);
			name = LaunchScreen.storyboard;
			sourceTree = "<group>";
		};
/* End PBXVariantGroup section */

/* Begin XCBuildConfiguration section */
		8E49E5CC22CEEEFC0000AA83 /* Debug */ = {
			isa = XCBuildConfiguration;
			buildSettings = {
				ALWAYS_SEARCH_USER_PATHS = NO;
				CLANG_ANALYZER_NONNULL = YES;
				CLANG_ANALYZER_NUMBER_OBJECT_CONVERSION = YES_AGGRESSIVE;
				CLANG_CXX_LANGUAGE_STANDARD = "gnu++14";
				CLANG_CXX_LIBRARY = "libc++";
				CLANG_ENABLE_MODULES = YES;
				CLANG_ENABLE_OBJC_ARC = YES;
				CLANG_ENABLE_OBJC_WEAK = YES;
				CLANG_WARN_BLOCK_CAPTURE_AUTORELEASING = YES;
				CLANG_WARN_BOOL_CONVERSION = YES;
				CLANG_WARN_COMMA = YES;
				CLANG_WARN_CONSTANT_CONVERSION = YES;
				CLANG_WARN_DEPRECATED_OBJC_IMPLEMENTATIONS = YES;
				CLANG_WARN_DIRECT_OBJC_ISA_USAGE = YES_ERROR;
				CLANG_WARN_DOCUMENTATION_COMMENTS = YES;
				CLANG_WARN_EMPTY_BODY = YES;
				CLANG_WARN_ENUM_CONVERSION = YES;
				CLANG_WARN_INFINITE_RECURSION = YES;
				CLANG_WARN_INT_CONVERSION = YES;
				CLANG_WARN_NON_LITERAL_NULL_CONVERSION = YES;
				CLANG_WARN_OBJC_IMPLICIT_RETAIN_SELF = YES;
				CLANG_WARN_OBJC_LITERAL_CONVERSION = YES;
				CLANG_WARN_OBJC_ROOT_CLASS = YES_ERROR;
				CLANG_WARN_RANGE_LOOP_ANALYSIS = YES;
				CLANG_WARN_STRICT_PROTOTYPES = YES;
				CLANG_WARN_SUSPICIOUS_MOVE = YES;
				CLANG_WARN_UNGUARDED_AVAILABILITY = YES_AGGRESSIVE;
				CLANG_WARN_UNREACHABLE_CODE = YES;
				CLANG_WARN__DUPLICATE_METHOD_MATCH = YES;
				CODE_SIGN_IDENTITY = "iPhone Developer";
				COPY_PHASE_STRIP = NO;
				DEBUG_INFORMATION_FORMAT = dwarf;
				ENABLE_STRICT_OBJC_MSGSEND = YES;
				ENABLE_TESTABILITY = YES;
				GCC_C_LANGUAGE_STANDARD = gnu11;
				GCC_DYNAMIC_NO_PIC = NO;
				GCC_NO_COMMON_BLOCKS = YES;
				GCC_OPTIMIZATION_LEVEL = 0;
				GCC_PREPROCESSOR_DEFINITIONS = (
					"DEBUG=1",
					"$(inherited)",
				);
				GCC_WARN_64_TO_32_BIT_CONVERSION = YES;
				GCC_WARN_ABOUT_RETURN_TYPE = YES_ERROR;
				GCC_WARN_UNDECLARED_SELECTOR = YES;
				GCC_WARN_UNINITIALIZED_AUTOS = YES_AGGRESSIVE;
				GCC_WARN_UNUSED_FUNCTION = YES;
				GCC_WARN_UNUSED_VARIABLE = YES;
				IPHONEOS_DEPLOYMENT_TARGET = 12.2;
				MTL_ENABLE_DEBUG_INFO = INCLUDE_SOURCE;
				MTL_FAST_MATH = YES;
				ONLY_ACTIVE_ARCH = YES;
				SDKROOT = iphoneos;
				SWIFT_ACTIVE_COMPILATION_CONDITIONS = DEBUG;
				SWIFT_OPTIMIZATION_LEVEL = "-Onone";
			};
			name = Debug;
		};
		8E49E5CD22CEEEFC0000AA83 /* Release */ = {
			isa = XCBuildConfiguration;
			buildSettings = {
				ALWAYS_SEARCH_USER_PATHS = NO;
				CLANG_ANALYZER_NONNULL = YES;
				CLANG_ANALYZER_NUMBER_OBJECT_CONVERSION = YES_AGGRESSIVE;
				CLANG_CXX_LANGUAGE_STANDARD = "gnu++14";
				CLANG_CXX_LIBRARY = "libc++";
				CLANG_ENABLE_MODULES = YES;
				CLANG_ENABLE_OBJC_ARC = YES;
				CLANG_ENABLE_OBJC_WEAK = YES;
				CLANG_WARN_BLOCK_CAPTURE_AUTORELEASING = YES;
				CLANG_WARN_BOOL_CONVERSION = YES;
				CLANG_WARN_COMMA = YES;
				CLANG_WARN_CONSTANT_CONVERSION = YES;
				CLANG_WARN_DEPRECATED_OBJC_IMPLEMENTATIONS = YES;
				CLANG_WARN_DIRECT_OBJC_ISA_USAGE = YES_ERROR;
				CLANG_WARN_DOCUMENTATION_COMMENTS = YES;
				CLANG_WARN_EMPTY_BODY = YES;
				CLANG_WARN_ENUM_CONVERSION = YES;
				CLANG_WARN_INFINITE_RECURSION = YES;
				CLANG_WARN_INT_CONVERSION = YES;
				CLANG_WARN_NON_LITERAL_NULL_CONVERSION = YES;
				CLANG_WARN_OBJC_IMPLICIT_RETAIN_SELF = YES;
				CLANG_WARN_OBJC_LITERAL_CONVERSION = YES;
				CLANG_WARN_OBJC_ROOT_CLASS = YES_ERROR;
				CLANG_WARN_RANGE_LOOP_ANALYSIS = YES;
				CLANG_WARN_STRICT_PROTOTYPES = YES;
				CLANG_WARN_SUSPICIOUS_MOVE = YES;
				CLANG_WARN_UNGUARDED_AVAILABILITY = YES_AGGRESSIVE;
				CLANG_WARN_UNREACHABLE_CODE = YES;
				CLANG_WARN__DUPLICATE_METHOD_MATCH = YES;
				CODE_SIGN_IDENTITY = "iPhone Developer";
				COPY_PHASE_STRIP = NO;
				DEBUG_INFORMATION_FORMAT = "dwarf-with-dsym";
				ENABLE_NS_ASSERTIONS = NO;
				ENABLE_STRICT_OBJC_MSGSEND = YES;
				GCC_C_LANGUAGE_STANDARD = gnu11;
				GCC_NO_COMMON_BLOCKS = YES;
				GCC_WARN_64_TO_32_BIT_CONVERSION = YES;
				GCC_WARN_ABOUT_RETURN_TYPE = YES_ERROR;
				GCC_WARN_UNDECLARED_SELECTOR = YES;
				GCC_WARN_UNINITIALIZED_AUTOS = YES_AGGRESSIVE;
				GCC_WARN_UNUSED_FUNCTION = YES;
				GCC_WARN_UNUSED_VARIABLE = YES;
				IPHONEOS_DEPLOYMENT_TARGET = 12.2;
				MTL_ENABLE_DEBUG_INFO = NO;
				MTL_FAST_MATH = YES;
				SDKROOT = iphoneos;
				SWIFT_COMPILATION_MODE = wholemodule;
				SWIFT_OPTIMIZATION_LEVEL = "-O";
				VALIDATE_PRODUCT = YES;
			};
			name = Release;
		};
		8E49E5CF22CEEEFC0000AA83 /* Debug */ = {
			isa = XCBuildConfiguration;
			buildSettings = {
				ASSETCATALOG_COMPILER_APPICON_NAME = AppIcon;
				CODE_SIGN_STYLE = Automatic;
				DEVELOPMENT_TEAM = 26R5URXZ3V;
				INFOPLIST_FILE = LearnLocalStorage/Info.plist;
				LD_RUNPATH_SEARCH_PATHS = (
					"$(inherited)",
					"@executable_path/Frameworks",
				);
				PRODUCT_BUNDLE_IDENTIFIER = com.indra.LearnLocalStorage;
				PRODUCT_NAME = "$(TARGET_NAME)";
				SWIFT_VERSION = 5.0;
				TARGETED_DEVICE_FAMILY = "1,2";
			};
			name = Debug;
		};
		8E49E5D022CEEEFC0000AA83 /* Release */ = {
			isa = XCBuildConfiguration;
			buildSettings = {
				ASSETCATALOG_COMPILER_APPICON_NAME = AppIcon;
				CODE_SIGN_STYLE = Automatic;
				DEVELOPMENT_TEAM = 26R5URXZ3V;
				INFOPLIST_FILE = LearnLocalStorage/Info.plist;
				LD_RUNPATH_SEARCH_PATHS = (
					"$(inherited)",
					"@executable_path/Frameworks",
				);
				PRODUCT_BUNDLE_IDENTIFIER = com.indra.LearnLocalStorage;
				PRODUCT_NAME = "$(TARGET_NAME)";
				SWIFT_VERSION = 5.0;
				TARGETED_DEVICE_FAMILY = "1,2";
			};
			name = Release;
		};
/* End XCBuildConfiguration section */

/* Begin XCConfigurationList section */
		8E49E5B422CEEEFB0000AA83 /* Build configuration list for PBXProject "LearnLocalStorage" */ = {
			isa = XCConfigurationList;
			buildConfigurations = (
				8E49E5CC22CEEEFC0000AA83 /* Debug */,
				8E49E5CD22CEEEFC0000AA83 /* Release */,
			);
			defaultConfigurationIsVisible = 0;
			defaultConfigurationName = Release;
		};
		8E49E5CE22CEEEFC0000AA83 /* Build configuration list for PBXNativeTarget "LearnLocalStorage" */ = {
			isa = XCConfigurationList;
			buildConfigurations = (
				8E49E5CF22CEEEFC0000AA83 /* Debug */,
				8E49E5D022CEEEFC0000AA83 /* Release */,
			);
			defaultConfigurationIsVisible = 0;
			defaultConfigurationName = Release;
		};
/* End XCConfigurationList section */

/* Begin XCVersionGroup section */
		8E49E5C322CEEEFB0000AA83 /* LearnLocalStorage.xcdatamodeld */ = {
			isa = XCVersionGroup;
			children = (
				8E49E5C422CEEEFB0000AA83 /* LearnLocalStorage.xcdatamodel */,
			);
			currentVersion = 8E49E5C422CEEEFB0000AA83 /* LearnLocalStorage.xcdatamodel */;
			path = LearnLocalStorage.xcdatamodeld;
			sourceTree = "<group>";
			versionGroupType = wrapper.xcdatamodel;
		};
/* End XCVersionGroup section */
	};
	rootObject = 8E49E5B122CEEEFB0000AA83 /* Project object */;
}
